
Microsoft Visual Studio Solution File, Format Version 12.00
# Visual Studio 15
VisualStudioVersion = 15.0.27130.2036
MinimumVisualStudioVersion = 10.0.40219.1
Project("{FAE04EC0-301F-11D3-BF4B-00C04F79EFBC}") = "AspNetCoreCCCapitulo1", "AspNetCoreCCCapitulo1\AspNetCoreCCCapitulo1.csproj", "{2449A388-D392-484A-B00A-401CB336EA18}"
EndProject
Global
	GlobalSection(SolutionConfigurationPlatforms) = preSolution
		Debug|Any CPU = Debug|Any CPU
		Release|Any CPU = Release|Any CPU
	EndGlobalSection
	GlobalSection(ProjectConfigurationPlatforms) = postSolution
		{2449A388-D392-484A-B00A-401CB336EA18}.Debug|Any CPU.ActiveCfg = Debug|Any CPU
		{2449A388-D392-484A-B00A-401CB336EA18}.Debug|Any CPU.Build.0 = Debug|Any CPU
		{2449A388-D392-484A-B00A-401CB336EA18}.Release|Any CPU.ActiveCfg = Release|Any CPU
		{2449A388-D392-484A-B00A-401CB336EA18}.Release|Any CPU.Build.0 = Release|Any CPU
	EndGlobalSection
	GlobalSection(SolutionProperties) = preSolution
		HideSolutionNode = FALSE
	EndGlobalSection
	GlobalSection(ExtensibilityGlobals) = postSolution
		SolutionGuid = {BE4ED01C-DF0A-46AC-AE5D-7994AC53752D}
	EndGlobalSection
EndGlobal
